{
  "requires": true,
  "lockfileVersion": 1,
  "dependencies": {
    "@opentelemetry/api": {
      "version": "0.12.0",
      "resolved": "https://campspot.jfrog.io/campspot/api/npm/npm/@opentelemetry/api/-/api-0.12.0.tgz",
      "integrity": "sha1-A1nDkm6PFv3NjHjxlr0en8TmZ3c=",
      "requires": {
        "@opentelemetry/context-base": "^0.12.0"
      }
    },
    "@opentelemetry/context-base": {
      "version": "0.12.0",
      "resolved": "https://campspot.jfrog.io/campspot/api/npm/npm/@opentelemetry/context-base/-/context-base-0.12.0.tgz",
      "integrity": "sha1-SQauJzWdMxHj3qG2N3Chb2CEhVA="
    },
    "@opentelemetry/core": {
      "version": "0.12.0",
      "resolved": "https://campspot.jfrog.io/campspot/api/npm/npm/@opentelemetry/core/-/core-0.12.0.tgz",
      "integrity": "sha1-qIi63JpAj6HxOXaldOadFL4ySI4=",
      "requires": {
        "@opentelemetry/api": "^0.12.0",
        "@opentelemetry/context-base": "^0.12.0",
        "semver": "^7.1.3"
      }
    },
    "@tootallnate/once": {
      "version": "1.1.2",
      "resolved": "https://campspot.jfrog.io/campspot/api/npm/npm/@tootallnate/once/-/once-1.1.2.tgz",
      "integrity": "sha1-zLkURTYBeaBOf+av94wA/8Hur4I="
    },
    "agent-base": {
      "version": "6.0.2",
      "resolved": "https://campspot.jfrog.io/campspot/api/npm/npm/agent-base/-/agent-base-6.0.2.tgz",
      "integrity": "sha1-Sf/1hXfP7j83F2/qtMIuAPhtf3c=",
      "requires": {
        "debug": "4"
      }
    },
    "array-flatten": {
      "version": "3.0.0",
      "resolved": "https://campspot.jfrog.io/campspot/api/npm/npm/array-flatten/-/array-flatten-3.0.0.tgz",
      "integrity": "sha1-ZCjKLuUse4IxkuxgD6PtLxV81UE="
    },
    "ast-types": {
      "version": "0.13.4",
      "resolved": "https://campspot.jfrog.io/campspot/api/npm/npm/ast-types/-/ast-types-0.13.4.tgz",
      "integrity": "sha1-7g13s0MmOWXsw/ti2hbnIisrZ4I=",
      "requires": {
        "tslib": "^2.0.1"
      }
    },
    "asynckit": {
      "version": "0.4.0",
      "resolved": "https://campspot.jfrog.io/campspot/api/npm/npm/asynckit/-/asynckit-0.4.0.tgz",
      "integrity": "sha1-x57Zf380y48robyXkLzDZkdLS3k="
    },
    "bytes": {
      "version": "3.1.0",
      "resolved": "https://campspot.jfrog.io/campspot/api/npm/npm/bytes/-/bytes-3.1.0.tgz",
      "integrity": "sha1-9s95M6Ng4FiPqf3oVlHNx/gF0fY="
    },
    "call-bind": {
      "version": "1.0.2",
      "resolved": "https://campspot.jfrog.io/campspot/api/npm/npm/call-bind/-/call-bind-1.0.2.tgz",
      "integrity": "sha1-sdTonmiBGcPJqQOtMKuy9qkZvjw=",
      "requires": {
        "function-bind": "^1.1.1",
        "get-intrinsic": "^1.0.2"
      }
    },
    "combined-stream": {
      "version": "1.0.8",
      "resolved": "https://campspot.jfrog.io/campspot/api/npm/npm/combined-stream/-/combined-stream-1.0.8.tgz",
      "integrity": "sha1-w9RaizT9cwYxoRCoolIGgrMdWn8=",
      "requires": {
        "delayed-stream": "~1.0.0"
      }
    },
    "component-emitter": {
      "version": "1.3.0",
      "resolved": "https://campspot.jfrog.io/campspot/api/npm/npm/component-emitter/-/component-emitter-1.3.0.tgz",
      "integrity": "sha1-FuQHD7qK4ptnnyIVhT7hgasuq8A="
    },
    "cookiejar": {
      "version": "2.1.2",
      "resolved": "https://campspot.jfrog.io/campspot/api/npm/npm/cookiejar/-/cookiejar-2.1.2.tgz",
      "integrity": "sha1-3YojVTB1L5iPmghE8/xYnjERElw="
    },
    "core-util-is": {
      "version": "1.0.2",
      "resolved": "https://campspot.jfrog.io/campspot/api/npm/npm/core-util-is/-/core-util-is-1.0.2.tgz",
      "integrity": "sha1-tf1UIgqivFq1eqtxQMlAdUUDwac="
    },
    "data-uri-to-buffer": {
      "version": "3.0.1",
      "resolved": "https://campspot.jfrog.io/campspot/api/npm/npm/data-uri-to-buffer/-/data-uri-to-buffer-3.0.1.tgz",
      "integrity": "sha1-WUuJc5OMW8LDMEZTV4U0GrxPNjY="
    },
    "debug": {
      "version": "4.3.1",
      "resolved": "https://campspot.jfrog.io/campspot/api/npm/npm/debug/-/debug-4.3.1.tgz",
      "integrity": "sha1-8NIpxQXgxtjEmsVT0bE9wYP2su4=",
      "requires": {
        "ms": "2.1.2"
      }
    },
    "deep-is": {
      "version": "0.1.3",
      "resolved": "https://campspot.jfrog.io/campspot/api/npm/npm/deep-is/-/deep-is-0.1.3.tgz",
      "integrity": "sha1-s2nW+128E+7PUk+RsHD+7cNXzzQ="
    },
    "degenerator": {
      "version": "2.2.0",
      "resolved": "https://campspot.jfrog.io/campspot/api/npm/npm/degenerator/-/degenerator-2.2.0.tgz",
      "integrity": "sha1-SemMEfoCk8Wybt+7UvFXKa/NslQ=",
      "requires": {
        "ast-types": "^0.13.2",
        "escodegen": "^1.8.1",
        "esprima": "^4.0.0"
      }
    },
    "delayed-stream": {
      "version": "1.0.0",
      "resolved": "https://campspot.jfrog.io/campspot/api/npm/npm/delayed-stream/-/delayed-stream-1.0.0.tgz",
      "integrity": "sha1-3zrhmayt+31ECqrgsp4icrJOxhk="
    },
    "depd": {
      "version": "1.1.2",
      "resolved": "https://campspot.jfrog.io/campspot/api/npm/npm/depd/-/depd-1.1.2.tgz",
      "integrity": "sha1-m81S4UwJd2PnSbJ0xDRu0uVgtak="
    },
    "escodegen": {
      "version": "1.14.3",
      "resolved": "https://campspot.jfrog.io/campspot/api/npm/npm/escodegen/-/escodegen-1.14.3.tgz",
      "integrity": "sha1-TnuB+6YVgdyXWC7XjKt/Do1j9QM=",
      "requires": {
        "esprima": "^4.0.1",
        "estraverse": "^4.2.0",
        "esutils": "^2.0.2",
        "optionator": "^0.8.1",
        "source-map": "~0.6.1"
      }
    },
    "esprima": {
      "version": "4.0.1",
      "resolved": "https://campspot.jfrog.io/campspot/api/npm/npm/esprima/-/esprima-4.0.1.tgz",
      "integrity": "sha1-E7BM2z5sXRnfkatph6hpVhmwqnE="
    },
    "estraverse": {
      "version": "4.3.0",
      "resolved": "https://campspot.jfrog.io/campspot/api/npm/npm/estraverse/-/estraverse-4.3.0.tgz",
      "integrity": "sha1-OYrT88WiSUi+dyXoPRGn3ijNvR0="
    },
    "esutils": {
      "version": "2.0.3",
      "resolved": "https://campspot.jfrog.io/campspot/api/npm/npm/esutils/-/esutils-2.0.3.tgz",
      "integrity": "sha1-dNLrTeC42hKTcRkQ1Qd1ubcQ72Q="
    },
    "extend": {
      "version": "3.0.2",
      "resolved": "https://campspot.jfrog.io/campspot/api/npm/npm/extend/-/extend-3.0.2.tgz",
      "integrity": "sha1-+LETa0Bx+9jrFAr/hYsQGewpFfo="
    },
    "fast-levenshtein": {
      "version": "2.0.6",
      "resolved": "https://campspot.jfrog.io/campspot/api/npm/npm/fast-levenshtein/-/fast-levenshtein-2.0.6.tgz",
      "integrity": "sha1-PYpcZog6FqMMqGQ+hR8Zuqd5eRc="
    },
    "file-uri-to-path": {
      "version": "2.0.0",
      "resolved": "https://campspot.jfrog.io/campspot/api/npm/npm/file-uri-to-path/-/file-uri-to-path-2.0.0.tgz",
      "integrity": "sha1-e0Fa66In1XWFHgpbDGQNdlZAP7o="
    },
    "form-data": {
      "version": "2.5.1",
      "resolved": "https://campspot.jfrog.io/campspot/api/npm/npm/form-data/-/form-data-2.5.1.tgz",
      "integrity": "sha1-8svsV7XlniNxbhKP5E1OXdI4lfQ=",
      "requires": {
        "asynckit": "^0.4.0",
        "combined-stream": "^1.0.6",
        "mime-types": "^2.1.12"
      }
    },
    "formidable": {
      "version": "1.2.2",
      "resolved": "https://campspot.jfrog.io/campspot/api/npm/npm/formidable/-/formidable-1.2.2.tgz",
      "integrity": "sha1-v2muopcpgmdfAIZTQrmCmG9rjdk="
    },
    "fs-extra": {
      "version": "8.1.0",
      "resolved": "https://campspot.jfrog.io/campspot/api/npm/npm/fs-extra/-/fs-extra-8.1.0.tgz",
      "integrity": "sha1-SdQ8RaiM2Wd2aMt74bRu/bjS4cA=",
      "requires": {
        "graceful-fs": "^4.2.0",
        "jsonfile": "^4.0.0",
        "universalify": "^0.1.0"
      }
    },
    "ftp": {
      "version": "0.3.10",
      "resolved": "https://campspot.jfrog.io/campspot/api/npm/npm/ftp/-/ftp-0.3.10.tgz",
      "integrity": "sha1-kZfYYa2BQvPmPVqDv+TFn3MwiF0=",
      "requires": {
        "readable-stream": "1.1.x",
        "xregexp": "2.0.0"
      },
      "dependencies": {
        "isarray": {
          "version": "0.0.1",
          "resolved": "https://campspot.jfrog.io/campspot/api/npm/npm/isarray/-/isarray-0.0.1.tgz",
          "integrity": "sha1-ihis/Kmo9Bd+Cav8YDiTmwXR7t8="
        },
        "readable-stream": {
          "version": "1.1.14",
          "resolved": "https://campspot.jfrog.io/campspot/api/npm/npm/readable-stream/-/readable-stream-1.1.14.tgz",
          "integrity": "sha1-fPTFTvZI44EwhMY23SB54WbAgdk=",
          "requires": {
            "core-util-is": "~1.0.0",
            "inherits": "~2.0.1",
            "isarray": "0.0.1",
            "string_decoder": "~0.10.x"
          }
        },
        "string_decoder": {
          "version": "0.10.31",
          "resolved": "https://campspot.jfrog.io/campspot/api/npm/npm/string_decoder/-/string_decoder-0.10.31.tgz",
          "integrity": "sha1-YuIDvEF2bGwoyfyEMB2rHFMQ+pQ="
        }
      }
    },
    "function-bind": {
      "version": "1.1.1",
      "resolved": "https://campspot.jfrog.io/campspot/api/npm/npm/function-bind/-/function-bind-1.1.1.tgz",
      "integrity": "sha1-pWiZ0+o8m6uHS7l3O3xe3pL0iV0="
    },
    "get-intrinsic": {
      "version": "1.1.1",
      "resolved": "https://campspot.jfrog.io/campspot/api/npm/npm/get-intrinsic/-/get-intrinsic-1.1.1.tgz",
      "integrity": "sha1-FfWfN2+FXERpY5SPDSTNNje0q8Y=",
      "requires": {
        "function-bind": "^1.1.1",
        "has": "^1.0.3",
        "has-symbols": "^1.0.1"
      }
    },
    "get-uri": {
      "version": "3.0.2",
      "resolved": "https://campspot.jfrog.io/campspot/api/npm/npm/get-uri/-/get-uri-3.0.2.tgz",
      "integrity": "sha1-8O8TVvqrxw4flAT6O2ayupv8clw=",
      "requires": {
        "@tootallnate/once": "1",
        "data-uri-to-buffer": "3",
        "debug": "4",
        "file-uri-to-path": "2",
        "fs-extra": "^8.1.0",
        "ftp": "^0.3.10"
      }
    },
    "graceful-fs": {
      "version": "4.2.6",
      "resolved": "https://campspot.jfrog.io/campspot/api/npm/npm/graceful-fs/-/graceful-fs-4.2.6.tgz",
      "integrity": "sha1-/wQLKwhTsjw9MQJ1I3BvGIXXa+4="
    },
    "has": {
      "version": "1.0.3",
      "resolved": "https://campspot.jfrog.io/campspot/api/npm/npm/has/-/has-1.0.3.tgz",
      "integrity": "sha1-ci18v8H2qoJB8W3YFOAR4fQeh5Y=",
      "requires": {
        "function-bind": "^1.1.1"
      }
    },
    "has-symbols": {
      "version": "1.0.2",
      "resolved": "https://campspot.jfrog.io/campspot/api/npm/npm/has-symbols/-/has-symbols-1.0.2.tgz",
      "integrity": "sha1-Fl0wcMADCXUqEjakeTMeOsVvFCM="
    },
    "honeycomb-beeline": {
      "version": "2.6.0",
      "resolved": "https://campspot.jfrog.io/campspot/api/npm/npm/honeycomb-beeline/-/honeycomb-beeline-2.6.0.tgz",
      "integrity": "sha1-zdq/zKPH3B/ENFzWg92cFnOooe0=",
      "requires": {
        "@opentelemetry/core": "^0.12.0",
        "array-flatten": "^3.0.0",
        "debug": "^4.2.0",
        "libhoney": "^2.2.1",
        "on-headers": "^1.0.2",
        "shimmer": "^1.2.1"
      }
    },
    "http-errors": {
      "version": "1.7.3",
      "resolved": "https://campspot.jfrog.io/campspot/api/npm/npm/http-errors/-/http-errors-1.7.3.tgz",
      "integrity": "sha1-bGGeT5xgMIw4UZSYwU+7EKrOuwY=",
      "requires": {
        "depd": "~1.1.2",
        "inherits": "2.0.4",
        "setprototypeof": "1.1.1",
        "statuses": ">= 1.5.0 < 2",
        "toidentifier": "1.0.0"
      }
    },
    "http-proxy-agent": {
      "version": "4.0.1",
      "resolved": "https://campspot.jfrog.io/campspot/api/npm/npm/http-proxy-agent/-/http-proxy-agent-4.0.1.tgz",
      "integrity": "sha1-ioyO9/WTLM+VPClsqCkblap0qjo=",
      "requires": {
        "@tootallnate/once": "1",
        "agent-base": "6",
        "debug": "4"
      }
    },
    "https-proxy-agent": {
      "version": "5.0.0",
      "resolved": "https://campspot.jfrog.io/campspot/api/npm/npm/https-proxy-agent/-/https-proxy-agent-5.0.0.tgz",
      "integrity": "sha1-4qkFQqu2inYuCghQ9sntrf2FBrI=",
      "requires": {
        "agent-base": "6",
        "debug": "4"
      }
    },
    "iconv-lite": {
      "version": "0.4.24",
      "resolved": "https://campspot.jfrog.io/campspot/api/npm/npm/iconv-lite/-/iconv-lite-0.4.24.tgz",
      "integrity": "sha1-ICK0sl+93CHS9SSXSkdKr+czkIs=",
      "requires": {
        "safer-buffer": ">= 2.1.2 < 3"
      }
    },
    "inherits": {
      "version": "2.0.4",
      "resolved": "https://campspot.jfrog.io/campspot/api/npm/npm/inherits/-/inherits-2.0.4.tgz",
      "integrity": "sha1-D6LGT5MpF8NDOg3tVTY6rjdBa3w="
    },
    "ip": {
      "version": "1.1.5",
      "resolved": "https://campspot.jfrog.io/campspot/api/npm/npm/ip/-/ip-1.1.5.tgz",
      "integrity": "sha1-vd7XARQpCCjAoDnnLvJfWq7ENUo="
    },
    "isarray": {
      "version": "1.0.0",
      "resolved": "https://campspot.jfrog.io/campspot/api/npm/npm/isarray/-/isarray-1.0.0.tgz",
      "integrity": "sha1-u5NdSFgsuhaMBoNJV6VKPgcSTxE="
    },
    "jsonfile": {
      "version": "4.0.0",
      "resolved": "https://campspot.jfrog.io/campspot/api/npm/npm/jsonfile/-/jsonfile-4.0.0.tgz",
      "integrity": "sha1-h3Gq4HmbZAdrdmQPygWPnBDjPss=",
      "requires": {
        "graceful-fs": "^4.1.6"
      }
    },
    "levn": {
      "version": "0.3.0",
      "resolved": "https://campspot.jfrog.io/campspot/api/npm/npm/levn/-/levn-0.3.0.tgz",
      "integrity": "sha1-OwmSTt+fCDwEkP3UwLxEIeBHZO4=",
      "requires": {
        "prelude-ls": "~1.1.2",
        "type-check": "~0.3.2"
      }
    },
    "libhoney": {
      "version": "2.2.3",
      "resolved": "https://campspot.jfrog.io/campspot/api/npm/npm/libhoney/-/libhoney-2.2.3.tgz",
      "integrity": "sha1-iYAnZp+2b8LQRnoBdtzocBRDQdM=",
      "requires": {
        "superagent": "^3.8.3",
        "superagent-proxy": "^2.0.0",
        "urljoin": "^0.1.5"
      }
    },
    "lru-cache": {
      "version": "6.0.0",
      "resolved": "https://campspot.jfrog.io/campspot/api/npm/npm/lru-cache/-/lru-cache-6.0.0.tgz",
      "integrity": "sha1-bW/mVw69lqr5D8rR2vo7JWbbOpQ=",
      "requires": {
        "yallist": "^4.0.0"
      }
    },
    "methods": {
      "version": "1.1.2",
      "resolved": "https://campspot.jfrog.io/campspot/api/npm/npm/methods/-/methods-1.1.2.tgz",
      "integrity": "sha1-VSmk1nZUE07cxSZmVoNbD4Ua/O4="
    },
    "mime": {
      "version": "1.6.0",
      "resolved": "https://campspot.jfrog.io/campspot/api/npm/npm/mime/-/mime-1.6.0.tgz",
      "integrity": "sha1-Ms2eXGRVO9WNGaVor0Uqz/BJgbE="
    },
    "mime-db": {
      "version": "1.47.0",
      "resolved": "https://campspot.jfrog.io/campspot/api/npm/npm/mime-db/-/mime-db-1.47.0.tgz",
      "integrity": "sha1-jLMT5Zll08Bc+/iYkVomevRqM1w="
    },
    "mime-types": {
      "version": "2.1.30",
      "resolved": "https://campspot.jfrog.io/campspot/api/npm/npm/mime-types/-/mime-types-2.1.30.tgz",
      "integrity": "sha1-bnvotMR5gl+F7WMmaV23P5MF1i0=",
      "requires": {
        "mime-db": "1.47.0"
      }
    },
    "ms": {
      "version": "2.1.2",
      "resolved": "https://campspot.jfrog.io/campspot/api/npm/npm/ms/-/ms-2.1.2.tgz",
      "integrity": "sha1-0J0fNXtEP0kzgqjrPM0YOHKuYAk="
    },
    "netmask": {
      "version": "2.0.2",
      "resolved": "https://campspot.jfrog.io/campspot/api/npm/npm/netmask/-/netmask-2.0.2.tgz",
      "integrity": "sha1-iwGgdkQGXVNjg4NYI7xSAE66xec="
    },
    "object-inspect": {
      "version": "1.9.0",
      "resolved": "https://campspot.jfrog.io/campspot/api/npm/npm/object-inspect/-/object-inspect-1.9.0.tgz",
      "integrity": "sha1-yQUh104RJ7ZyZt7TOUrWEWmGUzo="
    },
    "on-headers": {
      "version": "1.0.2",
      "resolved": "https://campspot.jfrog.io/campspot/api/npm/npm/on-headers/-/on-headers-1.0.2.tgz",
      "integrity": "sha1-dysK5qqlJcOZ5Imt+tkMQD6zwo8="
    },
    "optionator": {
      "version": "0.8.3",
      "resolved": "https://campspot.jfrog.io/campspot/api/npm/npm/optionator/-/optionator-0.8.3.tgz",
      "integrity": "sha1-hPodA2/p08fiHZmIS2ARZ+yPtJU=",
      "requires": {
        "deep-is": "~0.1.3",
        "fast-levenshtein": "~2.0.6",
        "levn": "~0.3.0",
        "prelude-ls": "~1.1.2",
        "type-check": "~0.3.2",
        "word-wrap": "~1.2.3"
      }
    },
    "pac-proxy-agent": {
      "version": "4.1.0",
      "resolved": "https://campspot.jfrog.io/campspot/api/npm/npm/pac-proxy-agent/-/pac-proxy-agent-4.1.0.tgz",
      "integrity": "sha1-Zog+6rrckV/F6VRXMkyw8Kx43vs=",
      "requires": {
        "@tootallnate/once": "1",
        "agent-base": "6",
        "debug": "4",
        "get-uri": "3",
        "http-proxy-agent": "^4.0.1",
        "https-proxy-agent": "5",
        "pac-resolver": "^4.1.0",
        "raw-body": "^2.2.0",
        "socks-proxy-agent": "5"
      }
    },
    "pac-resolver": {
      "version": "4.2.0",
      "resolved": "https://campspot.jfrog.io/campspot/api/npm/npm/pac-resolver/-/pac-resolver-4.2.0.tgz",
      "integrity": "sha1-uCvLmZLUgWaSC8g8dUKrtFS9m90=",
      "requires": {
        "degenerator": "^2.2.0",
        "ip": "^1.1.5",
        "netmask": "^2.0.1"
      }
    },
    "prelude-ls": {
      "version": "1.1.2",
      "resolved": "https://campspot.jfrog.io/campspot/api/npm/npm/prelude-ls/-/prelude-ls-1.1.2.tgz",
      "integrity": "sha1-IZMqVJ9eUv/ZqCf1cOBL5iqX2lQ="
    },
    "process-nextick-args": {
      "version": "2.0.1",
      "resolved": "https://campspot.jfrog.io/campspot/api/npm/npm/process-nextick-args/-/process-nextick-args-2.0.1.tgz",
      "integrity": "sha1-eCDZsWEgzFXKmud5JoCufbptf+I="
    },
    "proxy-agent": {
      "version": "4.0.1",
      "resolved": "https://campspot.jfrog.io/campspot/api/npm/npm/proxy-agent/-/proxy-agent-4.0.1.tgz",
      "integrity": "sha1-MmwyUHdscETNGWVcy/rfLgZaBFw=",
      "requires": {
        "agent-base": "^6.0.0",
        "debug": "4",
        "http-proxy-agent": "^4.0.0",
        "https-proxy-agent": "^5.0.0",
        "lru-cache": "^5.1.1",
        "pac-proxy-agent": "^4.1.0",
        "proxy-from-env": "^1.0.0",
        "socks-proxy-agent": "^5.0.0"
      },
      "dependencies": {
        "lru-cache": {
          "version": "5.1.1",
          "resolved": "https://campspot.jfrog.io/campspot/api/npm/npm/lru-cache/-/lru-cache-5.1.1.tgz",
          "integrity": "sha1-HaJ+ZxAnGUdpXa9oSOhH8B2EuSA=",
          "requires": {
            "yallist": "^3.0.2"
          }
        },
        "yallist": {
          "version": "3.1.1",
          "resolved": "https://campspot.jfrog.io/campspot/api/npm/npm/yallist/-/yallist-3.1.1.tgz",
          "integrity": "sha1-27fa+b/YusmrRev2ArjLrQ1dCP0="
        }
      }
    },
    "proxy-from-env": {
      "version": "1.1.0",
      "resolved": "https://campspot.jfrog.io/campspot/api/npm/npm/proxy-from-env/-/proxy-from-env-1.1.0.tgz",
      "integrity": "sha1-4QLxbKNVQkhldV0sno6k8k1Yw+I="
    },
    "qs": {
      "version": "6.10.1",
      "resolved": "https://campspot.jfrog.io/campspot/api/npm/npm/qs/-/qs-6.10.1.tgz",
      "integrity": "sha1-STFIL6jWR6Wqt5nFJx0hM7mB+2o=",
      "requires": {
        "side-channel": "^1.0.4"
      }
    },
    "raw-body": {
      "version": "2.4.1",
      "resolved": "https://campspot.jfrog.io/campspot/api/npm/npm/raw-body/-/raw-body-2.4.1.tgz",
      "integrity": "sha1-MKyC+Yu1rowVLmcUnayNVRU7Fow=",
      "requires": {
        "bytes": "3.1.0",
        "http-errors": "1.7.3",
        "iconv-lite": "0.4.24",
        "unpipe": "1.0.0"
      }
    },
    "readable-stream": {
      "version": "2.3.7",
      "resolved": "https://campspot.jfrog.io/campspot/api/npm/npm/readable-stream/-/readable-stream-2.3.7.tgz",
      "integrity": "sha1-Hsoc9xGu+BTAT2IlKjamL2yyO1c=",
      "requires": {
        "core-util-is": "~1.0.0",
        "inherits": "~2.0.3",
        "isarray": "~1.0.0",
        "process-nextick-args": "~2.0.0",
        "safe-buffer": "~5.1.1",
        "string_decoder": "~1.1.1",
        "util-deprecate": "~1.0.1"
      }
    },
    "safe-buffer": {
      "version": "5.1.2",
      "resolved": "https://campspot.jfrog.io/campspot/api/npm/npm/safe-buffer/-/safe-buffer-5.1.2.tgz",
      "integrity": "sha1-mR7GnSluAxN0fVm9/St0XDX4go0="
    },
    "safer-buffer": {
      "version": "2.1.2",
      "resolved": "https://campspot.jfrog.io/campspot/api/npm/npm/safer-buffer/-/safer-buffer-2.1.2.tgz",
      "integrity": "sha1-RPoWGwGHuVSd2Eu5GAL5vYOFzWo="
    },
    "semver": {
      "version": "7.3.5",
      "resolved": "https://campspot.jfrog.io/campspot/api/npm/npm/semver/-/semver-7.3.5.tgz",
      "integrity": "sha1-C2Ich5NI2JmOSw5L6Us/EuYBjvc=",
      "requires": {
        "lru-cache": "^6.0.0"
      }
    },
    "setprototypeof": {
      "version": "1.1.1",
      "resolved": "https://campspot.jfrog.io/campspot/api/npm/npm/setprototypeof/-/setprototypeof-1.1.1.tgz",
      "integrity": "sha1-fpWsskqpL1iF4KvvW6ExMw1K5oM="
    },
    "shimmer": {
      "version": "1.2.1",
      "resolved": "https://campspot.jfrog.io/campspot/api/npm/npm/shimmer/-/shimmer-1.2.1.tgz",
      "integrity": "sha1-YQhZ994ye1h+/r9QH7QxF/mv8zc="
    },
    "side-channel": {
      "version": "1.0.4",
      "resolved": "https://campspot.jfrog.io/campspot/api/npm/npm/side-channel/-/side-channel-1.0.4.tgz",
      "integrity": "sha1-785cj9wQTudRslxY1CkAEfpeos8=",
      "requires": {
        "call-bind": "^1.0.0",
        "get-intrinsic": "^1.0.2",
        "object-inspect": "^1.9.0"
      }
    },
    "smart-buffer": {
      "version": "4.1.0",
      "resolved": "https://campspot.jfrog.io/campspot/api/npm/npm/smart-buffer/-/smart-buffer-4.1.0.tgz",
      "integrity": "sha1-kWBcJdkWUvRmHqacz0XxszHKIbo="
    },
    "socks": {
      "version": "2.6.0",
      "resolved": "https://campspot.jfrog.io/campspot/api/npm/npm/socks/-/socks-2.6.0.tgz",
      "integrity": "sha1-a5hJKEYdOYcbNmZ1S5AA7POd+sI=",
      "requires": {
        "ip": "^1.1.5",
        "smart-buffer": "^4.1.0"
      }
    },
    "socks-proxy-agent": {
      "version": "5.0.0",
      "resolved": "https://campspot.jfrog.io/campspot/api/npm/npm/socks-proxy-agent/-/socks-proxy-agent-5.0.0.tgz",
      "integrity": "sha1-fA82Tnsc9KekN+cSU77XLpAEvmA=",
      "requires": {
        "agent-base": "6",
        "debug": "4",
        "socks": "^2.3.3"
      }
    },
    "source-map": {
      "version": "0.6.1",
      "resolved": "https://campspot.jfrog.io/campspot/api/npm/npm/source-map/-/source-map-0.6.1.tgz",
      "integrity": "sha1-dHIq8y6WFOnCh6jQu95IteLxomM=",
      "optional": true
    },
    "statuses": {
      "version": "1.5.0",
      "resolved": "https://campspot.jfrog.io/campspot/api/npm/npm/statuses/-/statuses-1.5.0.tgz",
      "integrity": "sha1-Fhx9rBd2Wf2YEfQ3cfqZOBR4Yow="
    },
    "string_decoder": {
      "version": "1.1.1",
      "resolved": "https://campspot.jfrog.io/campspot/api/npm/npm/string_decoder/-/string_decoder-1.1.1.tgz",
      "integrity": "sha1-nPFhG6YmhdcDCunkujQUnDrwP8g=",
      "requires": {
        "safe-buffer": "~5.1.0"
      }
    },
    "superagent": {
      "version": "3.8.3",
      "resolved": "https://campspot.jfrog.io/campspot/api/npm/npm/superagent/-/superagent-3.8.3.tgz",
      "integrity": "sha1-Rg6g29t9WxG8T3jeulZfhqF44Sg=",
      "requires": {
        "component-emitter": "^1.2.0",
        "cookiejar": "^2.1.0",
        "debug": "^3.1.0",
        "extend": "^3.0.0",
        "form-data": "^2.3.1",
        "formidable": "^1.2.0",
        "methods": "^1.1.1",
        "mime": "^1.4.1",
        "qs": "^6.5.1",
        "readable-stream": "^2.3.5"
      },
      "dependencies": {
        "debug": {
          "version": "3.2.7",
          "resolved": "https://campspot.jfrog.io/campspot/api/npm/npm/debug/-/debug-3.2.7.tgz",
          "integrity": "sha1-clgLfpFF+zm2Z2+cXl+xALk0F5o=",
          "requires": {
            "ms": "^2.1.1"
          }
        }
      }
    },
    "superagent-proxy": {
      "version": "2.1.0",
      "resolved": "https://campspot.jfrog.io/campspot/api/npm/npm/superagent-proxy/-/superagent-proxy-2.1.0.tgz",
      "integrity": "sha1-NOkfkCT7rOlfCjXFDGnt8qDTMeI=",
      "requires": {
        "debug": "^3.1.0",
        "proxy-agent": "^4.0.0"
      },
      "dependencies": {
        "debug": {
          "version": "3.2.7",
          "resolved": "https://campspot.jfrog.io/campspot/api/npm/npm/debug/-/debug-3.2.7.tgz",
          "integrity": "sha1-clgLfpFF+zm2Z2+cXl+xALk0F5o=",
          "requires": {
            "ms": "^2.1.1"
          }
        }
      }
    },
    "toidentifier": {
      "version": "1.0.0",
      "resolved": "https://campspot.jfrog.io/campspot/api/npm/npm/toidentifier/-/toidentifier-1.0.0.tgz",
      "integrity": "sha1-fhvjRw8ed5SLxD2Uo8j013UrpVM="
    },
    "tslib": {
      "version": "2.2.0",
      "resolved": "https://campspot.jfrog.io/campspot/api/npm/npm/tslib/-/tslib-2.2.0.tgz",
      "integrity": "sha1-+yxHWXfjXiQTEe3iaTzuHsZpj1w="
    },
    "type-check": {
      "version": "0.3.2",
      "resolved": "https://campspot.jfrog.io/campspot/api/npm/npm/type-check/-/type-check-0.3.2.tgz",
      "integrity": "sha1-WITKtRLPHTVeP7eE8wgEsrUg23I=",
      "requires": {
        "prelude-ls": "~1.1.2"
      }
    },
    "universalify": {
      "version": "0.1.2",
      "resolved": "https://campspot.jfrog.io/campspot/api/npm/npm/universalify/-/universalify-0.1.2.tgz",
      "integrity": "sha1-tkb2m+OULavOzJ1mOcgNwQXvqmY="
    },
    "unpipe": {
      "version": "1.0.0",
      "resolved": "https://campspot.jfrog.io/campspot/api/npm/npm/unpipe/-/unpipe-1.0.0.tgz",
      "integrity": "sha1-sr9O6FFKrmFltIF4KdIbLvSZBOw="
    },
    "urljoin": {
      "version": "0.1.5",
      "resolved": "https://campspot.jfrog.io/campspot/api/npm/npm/urljoin/-/urljoin-0.1.5.tgz",
      "integrity": "sha1-sl0sYRLFWsnVAJakmg8ft/T1OSE=",
      "requires": {
        "extend": "~2.0.0"
      },
      "dependencies": {
        "extend": {
          "version": "2.0.2",
          "resolved": "https://campspot.jfrog.io/campspot/api/npm/npm/extend/-/extend-2.0.2.tgz",
          "integrity": "sha1-G3SYVAAXG4VVSJRFnJeN5u9FOrc="
        }
      }
    },
    "util-deprecate": {
      "version": "1.0.2",
      "resolved": "https://campspot.jfrog.io/campspot/api/npm/npm/util-deprecate/-/util-deprecate-1.0.2.tgz",
      "integrity": "sha1-RQ1Nyfpw3nMnYvvS1KKJgUGaDM8="
    },
    "word-wrap": {
      "version": "1.2.3",
      "resolved": "https://campspot.jfrog.io/campspot/api/npm/npm/word-wrap/-/word-wrap-1.2.3.tgz",
      "integrity": "sha1-YQY29rH3A4kb00dxzLF/uTtHB5w="
    },
    "xregexp": {
      "version": "2.0.0",
      "resolved": "https://campspot.jfrog.io/campspot/api/npm/npm/xregexp/-/xregexp-2.0.0.tgz",
      "integrity": "sha1-UqY+VsoLhKfzpfPWGHLxJq16WUM="
    },
    "yallist": {
      "version": "4.0.0",
      "resolved": "https://campspot.jfrog.io/campspot/api/npm/npm/yallist/-/yallist-4.0.0.tgz",
      "integrity": "sha1-m7knkNnA7/7GO+c1GeEaNQGaOnI="
    }
  }
}
